
Microsoft Visual Studio Solution File, Format Version 12.00
# Visual Studio 15
Project("{FAE04EC0-301F-11D3-BF4B-00C04F79EFBC}") = "ActividadClase", "ActividadClase\ActividadClase.csproj", "{9E4B74CC-271A-4C9E-A383-9ABBC7816709}"
EndProject
Global
	GlobalSection(SolutionConfigurationPlatforms) = preSolution
		Debug|anycpu = Debug|anycpu
		Release|anycpu = Release|anycpu
	EndGlobalSection
	GlobalSection(ProjectConfigurationPlatforms) = postSolution
		{9E4B74CC-271A-4C9E-A383-9ABBC7816709}.Debug|anycpu.ActiveCfg = Debug|anycpu
		{9E4B74CC-271A-4C9E-A383-9ABBC7816709}.Debug|anycpu.Build.0 = Debug|anycpu
		{9E4B74CC-271A-4C9E-A383-9ABBC7816709}.Release|anycpu.ActiveCfg = Release|anycpu
		{9E4B74CC-271A-4C9E-A383-9ABBC7816709}.Release|anycpu.Build.0 = Release|anycpu
	EndGlobalSection
EndGlobal
